{
  "version": 4,
  "terraform_version": "1.5.7",
  "serial": 9,
  "lineage": "652aa675-7ed7-1d56-02e3-a16547bd0f79",
  "outputs": {
    "account_subscription_status": {
      "value": "ACCOUNT_CREATED",
      "type": "string"
    },
    "identity_center_instance_arn": {
      "value": "arn:aws:sso:::instance/ssoins-72236895b9cba9ed",
      "type": "string"
    }
  },
  "resources": [
    {
      "mode": "data",
      "type": "aws_ssoadmin_instances",
      "name": "this",
      "provider": "provider[\"registry.terraform.io/hashicorp/aws\"]",
      "instances": [
        {
          "schema_version": 0,
          "attributes": {
            "arns": [
              "arn:aws:sso:::instance/ssoins-72236895b9cba9ed"
            ],
            "id": "us-east-1",
            "identity_store_ids": [
              "d-9067f9bef9"
            ],
            "region": "us-east-1"
          },
          "sensitive_attributes": []
        }
      ]
    },
    {
      "mode": "managed",
      "type": "aws_quicksight_account_subscription",
      "name": "this",
      "provider": "provider[\"registry.terraform.io/hashicorp/aws\"]",
      "instances": [
        {
          "schema_version": 0,
          "attributes": {
            "account_name": "AmazonQuickStarterKit-Terraform",
            "account_subscription_status": "ACCOUNT_CREATED",
            "active_directory_name": null,
            "admin_group": null,
            "admin_pro_group": [
              "Tom-Test-Site-2"
            ],
            "authentication_method": "IAM_IDENTITY_CENTER",
            "author_group": null,
            "author_pro_group": null,
            "aws_account_id": null,
            "contact_number": null,
            "directory_id": null,
            "edition": "ENTERPRISE",
            "email_address": null,
            "first_name": null,
            "iam_identity_center_instance_arn": "arn:aws:sso:::instance/ssoins-72236895b9cba9ed",
            "id": "784857593036",
            "last_name": null,
            "notification_email": "tomron@amazon.com",
            "reader_group": null,
            "reader_pro_group": null,
            "realm": null,
            "region": "us-east-1",
            "timeouts": null
          },
          "sensitive_attributes": [],
          "private": "eyJlMmJmYjczMC1lY2FhLTExZTYtOGY4OC0zNDM2M2JjN2M0YzAiOnsiY3JlYXRlIjo2MDAwMDAwMDAwMDAsImRlbGV0ZSI6NjAwMDAwMDAwMDAwLCJyZWFkIjo2MDAwMDAwMDAwMDB9fQ==",
          "dependencies": [
            "data.aws_ssoadmin_instances.this"
          ]
        }
      ]
    },
    {
      "mode": "managed",
      "type": "aws_quicksight_custom_permissions",
      "name": "reader_pro_no_sharing",
      "provider": "provider[\"registry.terraform.io/hashicorp/aws\"]",
      "instances": [
        {
          "schema_version": 0,
          "attributes": {
            "arn": "arn:aws:quicksight:us-east-1:784857593036:custompermissions/reader-pro-no-sharing",
            "aws_account_id": "784857593036",
            "capabilities": [
              {
                "add_or_run_anomaly_detection_for_analyses": null,
                "create_and_update_dashboard_email_reports": null,
                "create_and_update_data_sources": null,
                "create_and_update_datasets": null,
                "create_and_update_themes": null,
                "create_and_update_threshold_alerts": null,
                "create_shared_folders": "DENY",
                "create_spice_dataset": null,
                "export_to_csv": null,
                "export_to_csv_in_scheduled_reports": null,
                "export_to_excel": null,
                "export_to_excel_in_scheduled_reports": null,
                "export_to_pdf": null,
                "export_to_pdf_in_scheduled_reports": null,
                "include_content_in_scheduled_reports_email": null,
                "print_reports": null,
                "rename_shared_folders": "DENY",
                "share_analyses": "DENY",
                "share_dashboards": "DENY",
                "share_data_sources": "DENY",
                "share_datasets": "DENY",
                "subscribe_dashboard_email_reports": null,
                "view_account_spice_capacity": null
              }
            ],
            "custom_permissions_name": "reader-pro-no-sharing",
            "region": "us-east-1",
            "tags": null,
            "tags_all": {}
          },
          "sensitive_attributes": [],
          "dependencies": [
            "aws_quicksight_account_subscription.this"
          ]
        }
      ]
    },
    {
      "mode": "managed",
      "type": "aws_quicksight_role_custom_permission",
      "name": "reader_pro",
      "provider": "provider[\"registry.terraform.io/hashicorp/aws\"]",
      "instances": [
        {
          "schema_version": 0,
          "attributes": {
            "aws_account_id": "784857593036",
            "custom_permissions_name": "reader-pro-no-sharing",
            "namespace": "default",
            "region": "us-east-1",
            "role": "READER_PRO"
          },
          "sensitive_attributes": [],
          "dependencies": [
            "aws_quicksight_account_subscription.this",
            "aws_quicksight_custom_permissions.reader_pro_no_sharing"
          ]
        }
      ]
    },
    {
      "mode": "managed",
      "type": "aws_quicksight_role_membership",
      "name": "admin_pro",
      "provider": "provider[\"registry.terraform.io/hashicorp/aws\"]",
      "instances": [
        {
          "schema_version": 0,
          "attributes": {
            "aws_account_id": "784857593036",
            "member_name": "Tom-Test-Site-2",
            "namespace": "default",
            "region": "us-east-1",
            "role": "ADMIN_PRO"
          },
          "sensitive_attributes": [],
          "dependencies": [
            "aws_quicksight_account_subscription.this",
            "data.aws_ssoadmin_instances.this"
          ]
        }
      ]
    },
    {
      "mode": "managed",
      "type": "aws_quicksight_role_membership",
      "name": "reader_pro",
      "provider": "provider[\"registry.terraform.io/hashicorp/aws\"]",
      "instances": [
        {
          "index_key": "QuickSuiteStarterKit-ReaderPro",
          "schema_version": 0,
          "attributes": {
            "aws_account_id": "784857593036",
            "member_name": "QuickSuiteStarterKit-ReaderPro",
            "namespace": "default",
            "region": "us-east-1",
            "role": "READER_PRO"
          },
          "sensitive_attributes": [],
          "dependencies": [
            "aws_quicksight_account_subscription.this",
            "data.aws_ssoadmin_instances.this"
          ]
        }
      ]
    }
  ],
  "check_results": null
}
